// !$*UTF8*$!
{
	archiveVersion = 1;
	classes = {
	};
	objectVersion = 46;
	objects = {

/* Begin PBXBuildFile section */
		C45444EE1D1B94FB00CC9214 /* AppDelegate.swift in Sources */ = {isa = PBXBuildFile; fileRef = C45444ED1D1B94FB00CC9214 /* AppDelegate.swift */; };
		C45444F01D1B94FB00CC9214 /* ViewController.swift in Sources */ = {isa = PBXBuildFile; fileRef = C45444EF1D1B94FB00CC9214 /* ViewController.swift */; };
		C45444F31D1B94FB00CC9214 /* Main.storyboard in Resources */ = {isa = PBXBuildFile; fileRef = C45444F11D1B94FB00CC9214 /* Main.storyboard */; };
		C45444F51D1B94FB00CC9214 /* Assets.xcassets in Resources */ = {isa = PBXBuildFile; fileRef = C45444F41D1B94FB00CC9214 /* Assets.xcassets */; };
		C45444F81D1B94FB00CC9214 /* LaunchScreen.storyboard in Resources */ = {isa = PBXBuildFile; fileRef = C45444F61D1B94FB00CC9214 /* LaunchScreen.storyboard */; };
		C45445031D1B94FB00CC9214 /* Neu_MapTests.swift in Sources */ = {isa = PBXBuildFile; fileRef = C45445021D1B94FB00CC9214 /* Neu_MapTests.swift */; };
		C454450E1D1B94FB00CC9214 /* Neu_MapUITests.swift in Sources */ = {isa = PBXBuildFile; fileRef = C454450D1D1B94FB00CC9214 /* Neu_MapUITests.swift */; };
/* End PBXBuildFile section */

/* Begin PBXContainerItemProxy section */
		C45444FF1D1B94FB00CC9214 /* PBXContainerItemProxy */ = {
			isa = PBXContainerItemProxy;
			containerPortal = C45444E21D1B94FB00CC9214 /* Project object */;
			proxyType = 1;
			remoteGlobalIDString = C45444E91D1B94FB00CC9214;
			remoteInfo = "Neu Map";
		};
		C454450A1D1B94FB00CC9214 /* PBXContainerItemProxy */ = {
			isa = PBXContainerItemProxy;
			containerPortal = C45444E21D1B94FB00CC9214 /* Project object */;
			proxyType = 1;
			remoteGlobalIDString = C45444E91D1B94FB00CC9214;
			remoteInfo = "Neu Map";
		};
/* End PBXContainerItemProxy section */

/* Begin PBXFileReference section */
		C45444EA1D1B94FB00CC9214 /* Neu Map.app */ = {isa = PBXFileReference; explicitFileType = wrapper.application; includeInIndex = 0; path = "Neu Map.app"; sourceTree = BUILT_PRODUCTS_DIR; };
		C45444ED1D1B94FB00CC9214 /* AppDelegate.swift */ = {isa = PBXFileReference; lastKnownFileType = sourcecode.swift; path = AppDelegate.swift; sourceTree = "<group>"; };
		C45444EF1D1B94FB00CC9214 /* ViewController.swift */ = {isa = PBXFileReference; lastKnownFileType = sourcecode.swift; path = ViewController.swift; sourceTree = "<group>"; };
		C45444F21D1B94FB00CC9214 /* Base */ = {isa = PBXFileReference; lastKnownFileType = file.storyboard; name = Base; path = Base.lproj/Main.storyboard; sourceTree = "<group>"; };
		C45444F41D1B94FB00CC9214 /* Assets.xcassets */ = {isa = PBXFileReference; lastKnownFileType = folder.assetcatalog; path = Assets.xcassets; sourceTree = "<group>"; };
		C45444F71D1B94FB00CC9214 /* Base */ = {isa = PBXFileReference; lastKnownFileType = file.storyboard; name = Base; path = Base.lproj/LaunchScreen.storyboard; sourceTree = "<group>"; };
		C45444F91D1B94FB00CC9214 /* Info.plist */ = {isa = PBXFileReference; lastKnownFileType = text.plist.xml; path = Info.plist; sourceTree = "<group>"; };
		C45444FE1D1B94FB00CC9214 /* Neu MapTests.xctest */ = {isa = PBXFileReference; explicitFileType = wrapper.cfbundle; includeInIndex = 0; path = "Neu MapTests.xctest"; sourceTree = BUILT_PRODUCTS_DIR; };
		C45445021D1B94FB00CC9214 /* Neu_MapTests.swift */ = {isa = PBXFileReference; lastKnownFileType = sourcecode.swift; path = Neu_MapTests.swift; sourceTree = "<group>"; };
		C45445041D1B94FB00CC9214 /* Info.plist */ = {isa = PBXFileReference; lastKnownFileType = text.plist.xml; path = Info.plist; sourceTree = "<group>"; };
		C45445091D1B94FB00CC9214 /* Neu MapUITests.xctest */ = {isa = PBXFileReference; explicitFileType = wrapper.cfbundle; includeInIndex = 0; path = "Neu MapUITests.xctest"; sourceTree = BUILT_PRODUCTS_DIR; };
		C454450D1D1B94FB00CC9214 /* Neu_MapUITests.swift */ = {isa = PBXFileReference; lastKnownFileType = sourcecode.swift; path = Neu_MapUITests.swift; sourceTree = "<group>"; };
		C454450F1D1B94FB00CC9214 /* Info.plist */ = {isa = PBXFileReference; lastKnownFileType = text.plist.xml; path = Info.plist; sourceTree = "<group>"; };
/* End PBXFileReference section */

/* Begin PBXFrameworksBuildPhase section */
		C45444E71D1B94FB00CC9214 /* Frameworks */ = {
			isa = PBXFrameworksBuildPhase;
			buildActionMask = 2147483647;
			files = (
			);
			runOnlyForDeploymentPostprocessing = 0;
		};
		C45444FB1D1B94FB00CC9214 /* Frameworks */ = {
			isa = PBXFrameworksBuildPhase;
			buildActionMask = 2147483647;
			files = (
			);
			runOnlyForDeploymentPostprocessing = 0;
		};
		C45445061D1B94FB00CC9214 /* Frameworks */ = {
			isa = PBXFrameworksBuildPhase;
			buildActionMask = 2147483647;
			files = (
			);
			runOnlyForDeploymentPostprocessing = 0;
		};
/* End PBXFrameworksBuildPhase section */

/* Begin PBXGroup section */
		C45444E11D1B94FB00CC9214 = {
			isa = PBXGroup;
			children = (
				C45444EC1D1B94FB00CC9214 /* Neu Map */,
				C45445011D1B94FB00CC9214 /* Neu MapTests */,
				C454450C1D1B94FB00CC9214 /* Neu MapUITests */,
				C45444EB1D1B94FB00CC9214 /* Products */,
			);
			sourceTree = "<group>";
		};
		C45444EB1D1B94FB00CC9214 /* Products */ = {
			isa = PBXGroup;
			children = (
				C45444EA1D1B94FB00CC9214 /* Neu Map.app */,
				C45444FE1D1B94FB00CC9214 /* Neu MapTests.xctest */,
				C45445091D1B94FB00CC9214 /* Neu MapUITests.xctest */,
			);
			name = Products;
			sourceTree = "<group>";
		};
		C45444EC1D1B94FB00CC9214 /* Neu Map */ = {
			isa = PBXGroup;
			children = (
				C45444ED1D1B94FB00CC9214 /* AppDelegate.swift */,
				C45444EF1D1B94FB00CC9214 /* ViewController.swift */,
				C45444F11D1B94FB00CC9214 /* Main.storyboard */,
				C45444F41D1B94FB00CC9214 /* Assets.xcassets */,
				C45444F61D1B94FB00CC9214 /* LaunchScreen.storyboard */,
				C45444F91D1B94FB00CC9214 /* Info.plist */,
			);
			path = "Neu Map";
			sourceTree = "<group>";
		};
		C45445011D1B94FB00CC9214 /* Neu MapTests */ = {
			isa = PBXGroup;
			children = (
				C45445021D1B94FB00CC9214 /* Neu_MapTests.swift */,
				C45445041D1B94FB00CC9214 /* Info.plist */,
			);
			path = "Neu MapTests";
			sourceTree = "<group>";
		};
		C454450C1D1B94FB00CC9214 /* Neu MapUITests */ = {
			isa = PBXGroup;
			children = (
				C454450D1D1B94FB00CC9214 /* Neu_MapUITests.swift */,
				C454450F1D1B94FB00CC9214 /* Info.plist */,
			);
			path = "Neu MapUITests";
			sourceTree = "<group>";
		};
/* End PBXGroup section */

/* Begin PBXNativeTarget section */
		C45444E91D1B94FB00CC9214 /* Neu Map */ = {
			isa = PBXNativeTarget;
			buildConfigurationList = C45445121D1B94FB00CC9214 /* Build configuration list for PBXNativeTarget "Neu Map" */;
			buildPhases = (
				C45444E61D1B94FB00CC9214 /* Sources */,
				C45444E71D1B94FB00CC9214 /* Frameworks */,
				C45444E81D1B94FB00CC9214 /* Resources */,
			);
			buildRules = (
			);
			dependencies = (
			);
			name = "Neu Map";
			productName = "Neu Map";
			productReference = C45444EA1D1B94FB00CC9214 /* Neu Map.app */;
			productType = "com.apple.product-type.application";
		};
		C45444FD1D1B94FB00CC9214 /* Neu MapTests */ = {
			isa = PBXNativeTarget;
			buildConfigurationList = C45445151D1B94FB00CC9214 /* Build configuration list for PBXNativeTarget "Neu MapTests" */;
			buildPhases = (
				C45444FA1D1B94FB00CC9214 /* Sources */,
				C45444FB1D1B94FB00CC9214 /* Frameworks */,
				C45444FC1D1B94FB00CC9214 /* Resources */,
			);
			buildRules = (
			);
			dependencies = (
				C45445001D1B94FB00CC9214 /* PBXTargetDependency */,
			);
			name = "Neu MapTests";
			productName = "Neu MapTests";
			productReference = C45444FE1D1B94FB00CC9214 /* Neu MapTests.xctest */;
			productType = "com.apple.product-type.bundle.unit-test";
		};
		C45445081D1B94FB00CC9214 /* Neu MapUITests */ = {
			isa = PBXNativeTarget;
			buildConfigurationList = C45445181D1B94FB00CC9214 /* Build configuration list for PBXNativeTarget "Neu MapUITests" */;
			buildPhases = (
				C45445051D1B94FB00CC9214 /* Sources */,
				C45445061D1B94FB00CC9214 /* Frameworks */,
				C45445071D1B94FB00CC9214 /* Resources */,
			);
			buildRules = (
			);
			dependencies = (
				C454450B1D1B94FB00CC9214 /* PBXTargetDependency */,
			);
			name = "Neu MapUITests";
			productName = "Neu MapUITests";
			productReference = C45445091D1B94FB00CC9214 /* Neu MapUITests.xctest */;
			productType = "com.apple.product-type.bundle.ui-testing";
		};
/* End PBXNativeTarget section */

/* Begin PBXProject section */
		C45444E21D1B94FB00CC9214 /* Project object */ = {
			isa = PBXProject;
			attributes = {
				LastSwiftUpdateCheck = 0730;
				LastUpgradeCheck = 0730;
				ORGANIZATIONNAME = masterUNG;
				TargetAttributes = {
					C45444E91D1B94FB00CC9214 = {
						CreatedOnToolsVersion = 7.3.1;
					};
					C45444FD1D1B94FB00CC9214 = {
						CreatedOnToolsVersion = 7.3.1;
						TestTargetID = C45444E91D1B94FB00CC9214;
					};
					C45445081D1B94FB00CC9214 = {
						CreatedOnToolsVersion = 7.3.1;
						TestTargetID = C45444E91D1B94FB00CC9214;
					};
				};
			};
			buildConfigurationList = C45444E51D1B94FB00CC9214 /* Build configuration list for PBXProject "Neu Map" */;
			compatibilityVersion = "Xcode 3.2";
			developmentRegion = English;
			hasScannedForEncodings = 0;
			knownRegions = (
				en,
				Base,
			);
			mainGroup = C45444E11D1B94FB00CC9214;
			productRefGroup = C45444EB1D1B94FB00CC9214 /* Products */;
			projectDirPath = "";
			projectRoot = "";
			targets = (
				C45444E91D1B94FB00CC9214 /* Neu Map */,
				C45444FD1D1B94FB00CC9214 /* Neu MapTests */,
				C45445081D1B94FB00CC9214 /* Neu MapUITests */,
			);
		};
/* End PBXProject section */

/* Begin PBXResourcesBuildPhase section */
		C45444E81D1B94FB00CC9214 /* Resources */ = {
			isa = PBXResourcesBuildPhase;
			buildActionMask = 2147483647;
			files = (
				C45444F81D1B94FB00CC9214 /* LaunchScreen.storyboard in Resources */,
				C45444F51D1B94FB00CC9214 /* Assets.xcassets in Resources */,
				C45444F31D1B94FB00CC9214 /* Main.storyboard in Resources */,
			);
			runOnlyForDeploymentPostprocessing = 0;
		};
		C45444FC1D1B94FB00CC9214 /* Resources */ = {
			isa = PBXResourcesBuildPhase;
			buildActionMask = 2147483647;
			files = (
			);
			runOnlyForDeploymentPostprocessing = 0;
		};
		C45445071D1B94FB00CC9214 /* Resources */ = {
			isa = PBXResourcesBuildPhase;
			buildActionMask = 2147483647;
			files = (
			);
			runOnlyForDeploymentPostprocessing = 0;
		};
/* End PBXResourcesBuildPhase section */

/* Begin PBXSourcesBuildPhase section */
		C45444E61D1B94FB00CC9214 /* Sources */ = {
			isa = PBXSourcesBuildPhase;
			buildActionMask = 2147483647;
			files = (
				C45444F01D1B94FB00CC9214 /* ViewController.swift in Sources */,
				C45444EE1D1B94FB00CC9214 /* AppDelegate.swift in Sources */,
			);
			runOnlyForDeploymentPostprocessing = 0;
		};
		C45444FA1D1B94FB00CC9214 /* Sources */ = {
			isa = PBXSourcesBuildPhase;
			buildActionMask = 2147483647;
			files = (
				C45445031D1B94FB00CC9214 /* Neu_MapTests.swift in Sources */,
			);
			runOnlyForDeploymentPostprocessing = 0;
		};
		C45445051D1B94FB00CC9214 /* Sources */ = {
			isa = PBXSourcesBuildPhase;
			buildActionMask = 2147483647;
			files = (
				C454450E1D1B94FB00CC9214 /* Neu_MapUITests.swift in Sources */,
			);
			runOnlyForDeploymentPostprocessing = 0;
		};
/* End PBXSourcesBuildPhase section */

/* Begin PBXTargetDependency section */
		C45445001D1B94FB00CC9214 /* PBXTargetDependency */ = {
			isa = PBXTargetDependency;
			target = C45444E91D1B94FB00CC9214 /* Neu Map */;
			targetProxy = C45444FF1D1B94FB00CC9214 /* PBXContainerItemProxy */;
		};
		C454450B1D1B94FB00CC9214 /* PBXTargetDependency */ = {
			isa = PBXTargetDependency;
			target = C45444E91D1B94FB00CC9214 /* Neu Map */;
			targetProxy = C454450A1D1B94FB00CC9214 /* PBXContainerItemProxy */;
		};
/* End PBXTargetDependency section */

/* Begin PBXVariantGroup section */
		C45444F11D1B94FB00CC9214 /* Main.storyboard */ = {
			isa = PBXVariantGroup;
			children = (
				C45444F21D1B94FB00CC9214 /* Base */,
			);
			name = Main.storyboard;
			sourceTree = "<group>";
		};
		C45444F61D1B94FB00CC9214 /* LaunchScreen.storyboard */ = {
			isa = PBXVariantGroup;
			children = (
				C45444F71D1B94FB00CC9214 /* Base */,
			);
			name = LaunchScreen.storyboard;
			sourceTree = "<group>";
		};
/* End PBXVariantGroup section */

/* Begin XCBuildConfiguration section */
		C45445101D1B94FB00CC9214 /* Debug */ = {
			isa = XCBuildConfiguration;
			buildSettings = {
				ALWAYS_SEARCH_USER_PATHS = NO;
				CLANG_ANALYZER_NONNULL = YES;
				CLANG_CXX_LANGUAGE_STANDARD = "gnu++0x";
				CLANG_CXX_LIBRARY = "libc++";
				CLANG_ENABLE_MODULES = YES;
				CLANG_ENABLE_OBJC_ARC = YES;
				CLANG_WARN_BOOL_CONVERSION = YES;
				CLANG_WARN_CONSTANT_CONVERSION = YES;
				CLANG_WARN_DIRECT_OBJC_ISA_USAGE = YES_ERROR;
				CLANG_WARN_EMPTY_BODY = YES;
				CLANG_WARN_ENUM_CONVERSION = YES;
				CLANG_WARN_INT_CONVERSION = YES;
				CLANG_WARN_OBJC_ROOT_CLASS = YES_ERROR;
				CLANG_WARN_UNREACHABLE_CODE = YES;
				CLANG_WARN__DUPLICATE_METHOD_MATCH = YES;
				"CODE_SIGN_IDENTITY[sdk=iphoneos*]" = "iPhone Developer";
				COPY_PHASE_STRIP = NO;
				DEBUG_INFORMATION_FORMAT = dwarf;
				ENABLE_STRICT_OBJC_MSGSEND = YES;
				ENABLE_TESTABILITY = YES;
				GCC_C_LANGUAGE_STANDARD = gnu99;
				GCC_DYNAMIC_NO_PIC = NO;
				GCC_NO_COMMON_BLOCKS = YES;
				GCC_OPTIMIZATION_LEVEL = 0;
				GCC_PREPROCESSOR_DEFINITIONS = (
					"DEBUG=1",
					"$(inherited)",
				);
				GCC_WARN_64_TO_32_BIT_CONVERSION = YES;
				GCC_WARN_ABOUT_RETURN_TYPE = YES_ERROR;
				GCC_WARN_UNDECLARED_SELECTOR = YES;
				GCC_WARN_UNINITIALIZED_AUTOS = YES_AGGRESSIVE;
				GCC_WARN_UNUSED_FUNCTION = YES;
				GCC_WARN_UNUSED_VARIABLE = YES;
				IPHONEOS_DEPLOYMENT_TARGET = 9.3;
				MTL_ENABLE_DEBUG_INFO = YES;
				ONLY_ACTIVE_ARCH = YES;
				SDKROOT = iphoneos;
				SWIFT_OPTIMIZATION_LEVEL = "-Onone";
			};
			name = Debug;
		};
		C45445111D1B94FB00CC9214 /* Release */ = {
			isa = XCBuildConfiguration;
			buildSettings = {
				ALWAYS_SEARCH_USER_PATHS = NO;
				CLANG_ANALYZER_NONNULL = YES;
				CLANG_CXX_LANGUAGE_STANDARD = "gnu++0x";
				CLANG_CXX_LIBRARY = "libc++";
				CLANG_ENABLE_MODULES = YES;
				CLANG_ENABLE_OBJC_ARC = YES;
				CLANG_WARN_BOOL_CONVERSION = YES;
				CLANG_WARN_CONSTANT_CONVERSION = YES;
				CLANG_WARN_DIRECT_OBJC_ISA_USAGE = YES_ERROR;
				CLANG_WARN_EMPTY_BODY = YES;
				CLANG_WARN_ENUM_CONVERSION = YES;
				CLANG_WARN_INT_CONVERSION = YES;
				CLANG_WARN_OBJC_ROOT_CLASS = YES_ERROR;
				CLANG_WARN_UNREACHABLE_CODE = YES;
				CLANG_WARN__DUPLICATE_METHOD_MATCH = YES;
				"CODE_SIGN_IDENTITY[sdk=iphoneos*]" = "iPhone Developer";
				COPY_PHASE_STRIP = NO;
				DEBUG_INFORMATION_FORMAT = "dwarf-with-dsym";
				ENABLE_NS_ASSERTIONS = NO;
				ENABLE_STRICT_OBJC_MSGSEND = YES;
				GCC_C_LANGUAGE_STANDARD = gnu99;
				GCC_NO_COMMON_BLOCKS = YES;
				GCC_WARN_64_TO_32_BIT_CONVERSION = YES;
				GCC_WARN_ABOUT_RETURN_TYPE = YES_ERROR;
				GCC_WARN_UNDECLARED_SELECTOR = YES;
				GCC_WARN_UNINITIALIZED_AUTOS = YES_AGGRESSIVE;
				GCC_WARN_UNUSED_FUNCTION = YES;
				GCC_WARN_UNUSED_VARIABLE = YES;
				IPHONEOS_DEPLOYMENT_TARGET = 9.3;
				MTL_ENABLE_DEBUG_INFO = NO;
				SDKROOT = iphoneos;
				VALIDATE_PRODUCT = YES;
			};
			name = Release;
		};
		C45445131D1B94FB00CC9214 /* Debug */ = {
			isa = XCBuildConfiguration;
			buildSettings = {
				ASSETCATALOG_COMPILER_APPICON_NAME = AppIcon;
				INFOPLIST_FILE = "Neu Map/Info.plist";
				LD_RUNPATH_SEARCH_PATHS = "$(inherited) @executable_path/Frameworks";
				PRODUCT_BUNDLE_IDENTIFIER = "app.masterUNG.EWTC.Neu-Map";
				PRODUCT_NAME = "$(TARGET_NAME)";
			};
			name = Debug;
		};
		C45445141D1B94FB00CC9214 /* Release */ = {
			isa = XCBuildConfiguration;
			buildSettings = {
				ASSETCATALOG_COMPILER_APPICON_NAME = AppIcon;
				INFOPLIST_FILE = "Neu Map/Info.plist";
				LD_RUNPATH_SEARCH_PATHS = "$(inherited) @executable_path/Frameworks";
				PRODUCT_BUNDLE_IDENTIFIER = "app.masterUNG.EWTC.Neu-Map";
				PRODUCT_NAME = "$(TARGET_NAME)";
			};
			name = Release;
		};
		C45445161D1B94FB00CC9214 /* Debug */ = {
			isa = XCBuildConfiguration;
			buildSettings = {
				BUNDLE_LOADER = "$(TEST_HOST)";
				INFOPLIST_FILE = "Neu MapTests/Info.plist";
				LD_RUNPATH_SEARCH_PATHS = "$(inherited) @executable_path/Frameworks @loader_path/Frameworks";
				PRODUCT_BUNDLE_IDENTIFIER = "app.masterUNG.EWTC.Neu-MapTests";
				PRODUCT_NAME = "$(TARGET_NAME)";
				TEST_HOST = "$(BUILT_PRODUCTS_DIR)/Neu Map.app/Neu Map";
			};
			name = Debug;
		};
		C45445171D1B94FB00CC9214 /* Release */ = {
			isa = XCBuildConfiguration;
			buildSettings = {
				BUNDLE_LOADER = "$(TEST_HOST)";
				INFOPLIST_FILE = "Neu MapTests/Info.plist";
				LD_RUNPATH_SEARCH_PATHS = "$(inherited) @executable_path/Frameworks @loader_path/Frameworks";
				PRODUCT_BUNDLE_IDENTIFIER = "app.masterUNG.EWTC.Neu-MapTests";
				PRODUCT_NAME = "$(TARGET_NAME)";
				TEST_HOST = "$(BUILT_PRODUCTS_DIR)/Neu Map.app/Neu Map";
			};
			name = Release;
		};
		C45445191D1B94FB00CC9214 /* Debug */ = {
			isa = XCBuildConfiguration;
			buildSettings = {
				INFOPLIST_FILE = "Neu MapUITests/Info.plist";
				LD_RUNPATH_SEARCH_PATHS = "$(inherited) @executable_path/Frameworks @loader_path/Frameworks";
				PRODUCT_BUNDLE_IDENTIFIER = "app.masterUNG.EWTC.Neu-MapUITests";
				PRODUCT_NAME = "$(TARGET_NAME)";
				TEST_TARGET_NAME = "Neu Map";
			};
			name = Debug;
		};
		C454451A1D1B94FB00CC9214 /* Release */ = {
			isa = XCBuildConfiguration;
			buildSettings = {
				INFOPLIST_FILE = "Neu MapUITests/Info.plist";
				LD_RUNPATH_SEARCH_PATHS = "$(inherited) @executable_path/Frameworks @loader_path/Frameworks";
				PRODUCT_BUNDLE_IDENTIFIER = "app.masterUNG.EWTC.Neu-MapUITests";
				PRODUCT_NAME = "$(TARGET_NAME)";
				TEST_TARGET_NAME = "Neu Map";
			};
			name = Release;
		};
/* End XCBuildConfiguration section */

/* Begin XCConfigurationList section */
		C45444E51D1B94FB00CC9214 /* Build configuration list for PBXProject "Neu Map" */ = {
			isa = XCConfigurationList;
			buildConfigurations = (
				C45445101D1B94FB00CC9214 /* Debug */,
				C45445111D1B94FB00CC9214 /* Release */,
			);
			defaultConfigurationIsVisible = 0;
			defaultConfigurationName = Release;
		};
		C45445121D1B94FB00CC9214 /* Build configuration list for PBXNativeTarget "Neu Map" */ = {
			isa = XCConfigurationList;
			buildConfigurations = (
				C45445131D1B94FB00CC9214 /* Debug */,
				C45445141D1B94FB00CC9214 /* Release */,
			);
			defaultConfigurationIsVisible = 0;
		};
		C45445151D1B94FB00CC9214 /* Build configuration list for PBXNativeTarget "Neu MapTests" */ = {
			isa = XCConfigurationList;
			buildConfigurations = (
				C45445161D1B94FB00CC9214 /* Debug */,
				C45445171D1B94FB00CC9214 /* Release */,
			);
			defaultConfigurationIsVisible = 0;
		};
		C45445181D1B94FB00CC9214 /* Build configuration list for PBXNativeTarget "Neu MapUITests" */ = {
			isa = XCConfigurationList;
			buildConfigurations = (
				C45445191D1B94FB00CC9214 /* Debug */,
				C454451A1D1B94FB00CC9214 /* Release */,
			);
			defaultConfigurationIsVisible = 0;
		};
/* End XCConfigurationList section */
	};
	rootObject = C45444E21D1B94FB00CC9214 /* Project object */;
}
